// !$*UTF8*$!
{
	archiveVersion = 1;
	classes = {
	};
	objectVersion = 46;
	objects = {

/* Begin PBXBuildFile section */
		4E80C44A1ECCDBE1007D9DDA /* AppDelegate.swift in Sources */ = {isa = PBXBuildFile; fileRef = 4E80C4491ECCDBE1007D9DDA /* AppDelegate.swift */; };
		4E80C44C1ECCDBE1007D9DDA /* ViewController.swift in Sources */ = {isa = PBXBuildFile; fileRef = 4E80C44B1ECCDBE1007D9DDA /* ViewController.swift */; };
		4E80C44F1ECCDBE1007D9DDA /* Main.storyboard in Resources */ = {isa = PBXBuildFile; fileRef = 4E80C44D1ECCDBE1007D9DDA /* Main.storyboard */; };
		4E80C4511ECCDBE1007D9DDA /* Assets.xcassets in Resources */ = {isa = PBXBuildFile; fileRef = 4E80C4501ECCDBE1007D9DDA /* Assets.xcassets */; };
		4E80C4541ECCDBE1007D9DDA /* LaunchScreen.storyboard in Resources */ = {isa = PBXBuildFile; fileRef = 4E80C4521ECCDBE1007D9DDA /* LaunchScreen.storyboard */; };
		4E80C45C1ECCDC67007D9DDA /* silence.mp3 in Resources */ = {isa = PBXBuildFile; fileRef = 4E80C45B1ECCDC67007D9DDA /* silence.mp3 */; };
		4E80C45E1ECCDCA1007D9DDA /* static.mp3 in Resources */ = {isa = PBXBuildFile; fileRef = 4E80C45D1ECCDCA1007D9DDA /* static.mp3 */; };
		4E80C4641ECCEE0A007D9DDA /* inaudible.mp3 in Resources */ = {isa = PBXBuildFile; fileRef = 4E80C4631ECCEE0A007D9DDA /* inaudible.mp3 */; };
/* End PBXBuildFile section */

/* Begin PBXFileReference section */
		4E80C4461ECCDBE1007D9DDA /* BluetoothHeadphoneUnTurnOffer.app */ = {isa = PBXFileReference; explicitFileType = wrapper.application; includeInIndex = 0; path = BluetoothHeadphoneUnTurnOffer.app; sourceTree = BUILT_PRODUCTS_DIR; };
		4E80C4491ECCDBE1007D9DDA /* AppDelegate.swift */ = {isa = PBXFileReference; lastKnownFileType = sourcecode.swift; path = AppDelegate.swift; sourceTree = "<group>"; };
		4E80C44B1ECCDBE1007D9DDA /* ViewController.swift */ = {isa = PBXFileReference; lastKnownFileType = sourcecode.swift; path = ViewController.swift; sourceTree = "<group>"; };
		4E80C44E1ECCDBE1007D9DDA /* Base */ = {isa = PBXFileReference; lastKnownFileType = file.storyboard; name = Base; path = Base.lproj/Main.storyboard; sourceTree = "<group>"; };
		4E80C4501ECCDBE1007D9DDA /* Assets.xcassets */ = {isa = PBXFileReference; lastKnownFileType = folder.assetcatalog; path = Assets.xcassets; sourceTree = "<group>"; };
		4E80C4531ECCDBE1007D9DDA /* Base */ = {isa = PBXFileReference; lastKnownFileType = file.storyboard; name = Base; path = Base.lproj/LaunchScreen.storyboard; sourceTree = "<group>"; };
		4E80C4551ECCDBE1007D9DDA /* Info.plist */ = {isa = PBXFileReference; lastKnownFileType = text.plist.xml; path = Info.plist; sourceTree = "<group>"; };
		4E80C45B1ECCDC67007D9DDA /* silence.mp3 */ = {isa = PBXFileReference; lastKnownFileType = audio.mp3; path = silence.mp3; sourceTree = SOURCE_ROOT; };
		4E80C45D1ECCDCA1007D9DDA /* static.mp3 */ = {isa = PBXFileReference; lastKnownFileType = audio.mp3; path = static.mp3; sourceTree = SOURCE_ROOT; };
		4E80C45F1ECCE256007D9DDA /* BluetoothHeadphoneUnTurnOffer.entitlements */ = {isa = PBXFileReference; lastKnownFileType = text.plist.entitlements; path = BluetoothHeadphoneUnTurnOffer.entitlements; sourceTree = "<group>"; };
		4E80C4631ECCEE0A007D9DDA /* inaudible.mp3 */ = {isa = PBXFileReference; lastKnownFileType = audio.mp3; path = inaudible.mp3; sourceTree = SOURCE_ROOT; };
/* End PBXFileReference section */

/* Begin PBXFrameworksBuildPhase section */
		4E80C4431ECCDBE1007D9DDA /* Frameworks */ = {
			isa = PBXFrameworksBuildPhase;
			buildActionMask = 2147483647;
			files = (
			);
			runOnlyForDeploymentPostprocessing = 0;
		};
/* End PBXFrameworksBuildPhase section */

/* Begin PBXGroup section */
		4E80C43D1ECCDBE0007D9DDA = {
			isa = PBXGroup;
			children = (
				4E80C4481ECCDBE1007D9DDA /* BluetoothHeadphoneUnTurnOffer */,
				4E80C4471ECCDBE1007D9DDA /* Products */,
				4E80C4601ECCE256007D9DDA /* Frameworks */,
			);
			sourceTree = "<group>";
		};
		4E80C4471ECCDBE1007D9DDA /* Products */ = {
			isa = PBXGroup;
			children = (
				4E80C4461ECCDBE1007D9DDA /* BluetoothHeadphoneUnTurnOffer.app */,
			);
			name = Products;
			sourceTree = "<group>";
		};
		4E80C4481ECCDBE1007D9DDA /* BluetoothHeadphoneUnTurnOffer */ = {
			isa = PBXGroup;
			children = (
				4E80C45F1ECCE256007D9DDA /* BluetoothHeadphoneUnTurnOffer.entitlements */,
				4E80C4491ECCDBE1007D9DDA /* AppDelegate.swift */,
				4E80C44B1ECCDBE1007D9DDA /* ViewController.swift */,
				4E80C45D1ECCDCA1007D9DDA /* static.mp3 */,
				4E80C4631ECCEE0A007D9DDA /* inaudible.mp3 */,
				4E80C45B1ECCDC67007D9DDA /* silence.mp3 */,
				4E80C44D1ECCDBE1007D9DDA /* Main.storyboard */,
				4E80C4521ECCDBE1007D9DDA /* LaunchScreen.storyboard */,
				4E80C4501ECCDBE1007D9DDA /* Assets.xcassets */,
				4E80C4551ECCDBE1007D9DDA /* Info.plist */,
			);
			path = BluetoothHeadphoneUnTurnOffer;
			sourceTree = "<group>";
		};
		4E80C4601ECCE256007D9DDA /* Frameworks */ = {
			isa = PBXGroup;
			children = (
			);
			name = Frameworks;
			sourceTree = "<group>";
		};
/* End PBXGroup section */

/* Begin PBXNativeTarget section */
		4E80C4451ECCDBE1007D9DDA /* BluetoothHeadphoneUnTurnOffer */ = {
			isa = PBXNativeTarget;
			buildConfigurationList = 4E80C4581ECCDBE1007D9DDA /* Build configuration list for PBXNativeTarget "BluetoothHeadphoneUnTurnOffer" */;
			buildPhases = (
				4E80C4421ECCDBE1007D9DDA /* Sources */,
				4E80C4431ECCDBE1007D9DDA /* Frameworks */,
				4E80C4441ECCDBE1007D9DDA /* Resources */,
			);
			buildRules = (
			);
			dependencies = (
			);
			name = BluetoothHeadphoneUnTurnOffer;
			productName = BluetoothHeadphoneUnTurnOffer;
			productReference = 4E80C4461ECCDBE1007D9DDA /* BluetoothHeadphoneUnTurnOffer.app */;
			productType = "com.apple.product-type.application";
		};
/* End PBXNativeTarget section */

/* Begin PBXProject section */
		4E80C43E1ECCDBE0007D9DDA /* Project object */ = {
			isa = PBXProject;
			attributes = {
				LastSwiftUpdateCheck = 0830;
				LastUpgradeCheck = 0830;
				ORGANIZATIONNAME = "Alexei Baboulevitch";
				TargetAttributes = {
					4E80C4451ECCDBE1007D9DDA = {
						CreatedOnToolsVersion = 8.3.1;
						DevelopmentTeam = R4MX2B96J2;
						ProvisioningStyle = Automatic;
						SystemCapabilities = {
							com.apple.BackgroundModes = {
								enabled = 1;
							};
							com.apple.InterAppAudio = {
								enabled = 0;
							};
						};
					};
				};
			};
			buildConfigurationList = 4E80C4411ECCDBE1007D9DDA /* Build configuration list for PBXProject "BluetoothHeadphoneUnTurnOffer" */;
			compatibilityVersion = "Xcode 3.2";
			developmentRegion = English;
			hasScannedForEncodings = 0;
			knownRegions = (
				en,
				Base,
			);
			mainGroup = 4E80C43D1ECCDBE0007D9DDA;
			productRefGroup = 4E80C4471ECCDBE1007D9DDA /* Products */;
			projectDirPath = "";
			projectRoot = "";
			targets = (
				4E80C4451ECCDBE1007D9DDA /* BluetoothHeadphoneUnTurnOffer */,
			);
		};
/* End PBXProject section */

/* Begin PBXResourcesBuildPhase section */
		4E80C4441ECCDBE1007D9DDA /* Resources */ = {
			isa = PBXResourcesBuildPhase;
			buildActionMask = 2147483647;
			files = (
				4E80C4641ECCEE0A007D9DDA /* inaudible.mp3 in Resources */,
				4E80C4541ECCDBE1007D9DDA /* LaunchScreen.storyboard in Resources */,
				4E80C45C1ECCDC67007D9DDA /* silence.mp3 in Resources */,
				4E80C4511ECCDBE1007D9DDA /* Assets.xcassets in Resources */,
				4E80C44F1ECCDBE1007D9DDA /* Main.storyboard in Resources */,
				4E80C45E1ECCDCA1007D9DDA /* static.mp3 in Resources */,
			);
			runOnlyForDeploymentPostprocessing = 0;
		};
/* End PBXResourcesBuildPhase section */

/* Begin PBXSourcesBuildPhase section */
		4E80C4421ECCDBE1007D9DDA /* Sources */ = {
			isa = PBXSourcesBuildPhase;
			buildActionMask = 2147483647;
			files = (
				4E80C44C1ECCDBE1007D9DDA /* ViewController.swift in Sources */,
				4E80C44A1ECCDBE1007D9DDA /* AppDelegate.swift in Sources */,
			);
			runOnlyForDeploymentPostprocessing = 0;
		};
/* End PBXSourcesBuildPhase section */

/* Begin PBXVariantGroup section */
		4E80C44D1ECCDBE1007D9DDA /* Main.storyboard */ = {
			isa = PBXVariantGroup;
			children = (
				4E80C44E1ECCDBE1007D9DDA /* Base */,
			);
			name = Main.storyboard;
			sourceTree = "<group>";
		};
		4E80C4521ECCDBE1007D9DDA /* LaunchScreen.storyboard */ = {
			isa = PBXVariantGroup;
			children = (
				4E80C4531ECCDBE1007D9DDA /* Base */,
			);
			name = LaunchScreen.storyboard;
			sourceTree = "<group>";
		};
/* End PBXVariantGroup section */

/* Begin XCBuildConfiguration section */
		4E80C4561ECCDBE1007D9DDA /* Debug */ = {
			isa = XCBuildConfiguration;
			buildSettings = {
				ALWAYS_SEARCH_USER_PATHS = NO;
				CLANG_ANALYZER_NONNULL = YES;
				CLANG_ANALYZER_NUMBER_OBJECT_CONVERSION = YES_AGGRESSIVE;
				CLANG_CXX_LANGUAGE_STANDARD = "gnu++0x";
				CLANG_CXX_LIBRARY = "libc++";
				CLANG_ENABLE_MODULES = YES;
				CLANG_ENABLE_OBJC_ARC = YES;
				CLANG_WARN_BOOL_CONVERSION = YES;
				CLANG_WARN_CONSTANT_CONVERSION = YES;
				CLANG_WARN_DIRECT_OBJC_ISA_USAGE = YES_ERROR;
				CLANG_WARN_DOCUMENTATION_COMMENTS = YES;
				CLANG_WARN_EMPTY_BODY = YES;
				CLANG_WARN_ENUM_CONVERSION = YES;
				CLANG_WARN_INFINITE_RECURSION = YES;
				CLANG_WARN_INT_CONVERSION = YES;
				CLANG_WARN_OBJC_ROOT_CLASS = YES_ERROR;
				CLANG_WARN_SUSPICIOUS_MOVE = YES;
				CLANG_WARN_UNREACHABLE_CODE = YES;
				CLANG_WARN__DUPLICATE_METHOD_MATCH = YES;
				"CODE_SIGN_IDENTITY[sdk=iphoneos*]" = "iPhone Developer";
				COPY_PHASE_STRIP = NO;
				DEBUG_INFORMATION_FORMAT = dwarf;
				ENABLE_STRICT_OBJC_MSGSEND = YES;
				ENABLE_TESTABILITY = YES;
				GCC_C_LANGUAGE_STANDARD = gnu99;
				GCC_DYNAMIC_NO_PIC = NO;
				GCC_NO_COMMON_BLOCKS = YES;
				GCC_OPTIMIZATION_LEVEL = 0;
				GCC_PREPROCESSOR_DEFINITIONS = (
					"DEBUG=1",
					"$(inherited)",
				);
				GCC_WARN_64_TO_32_BIT_CONVERSION = YES;
				GCC_WARN_ABOUT_RETURN_TYPE = YES_ERROR;
				GCC_WARN_UNDECLARED_SELECTOR = YES;
				GCC_WARN_UNINITIALIZED_AUTOS = YES_AGGRESSIVE;
				GCC_WARN_UNUSED_FUNCTION = YES;
				GCC_WARN_UNUSED_VARIABLE = YES;
				IPHONEOS_DEPLOYMENT_TARGET = 10.3;
				MTL_ENABLE_DEBUG_INFO = YES;
				ONLY_ACTIVE_ARCH = YES;
				SDKROOT = iphoneos;
				SWIFT_ACTIVE_COMPILATION_CONDITIONS = DEBUG;
				SWIFT_OPTIMIZATION_LEVEL = "-Onone";
				TARGETED_DEVICE_FAMILY = "1,2";
			};
			name = Debug;
		};
		4E80C4571ECCDBE1007D9DDA /* Release */ = {
			isa = XCBuildConfiguration;
			buildSettings = {
				ALWAYS_SEARCH_USER_PATHS = NO;
				CLANG_ANALYZER_NONNULL = YES;
				CLANG_ANALYZER_NUMBER_OBJECT_CONVERSION = YES_AGGRESSIVE;
				CLANG_CXX_LANGUAGE_STANDARD = "gnu++0x";
				CLANG_CXX_LIBRARY = "libc++";
				CLANG_ENABLE_MODULES = YES;
				CLANG_ENABLE_OBJC_ARC = YES;
				CLANG_WARN_BOOL_CONVERSION = YES;
				CLANG_WARN_CONSTANT_CONVERSION = YES;
				CLANG_WARN_DIRECT_OBJC_ISA_USAGE = YES_ERROR;
				CLANG_WARN_DOCUMENTATION_COMMENTS = YES;
				CLANG_WARN_EMPTY_BODY = YES;
				CLANG_WARN_ENUM_CONVERSION = YES;
				CLANG_WARN_INFINITE_RECURSION = YES;
				CLANG_WARN_INT_CONVERSION = YES;
				CLANG_WARN_OBJC_ROOT_CLASS = YES_ERROR;
				CLANG_WARN_SUSPICIOUS_MOVE = YES;
				CLANG_WARN_UNREACHABLE_CODE = YES;
				CLANG_WARN__DUPLICATE_METHOD_MATCH = YES;
				"CODE_SIGN_IDENTITY[sdk=iphoneos*]" = "iPhone Developer";
				COPY_PHASE_STRIP = NO;
				DEBUG_INFORMATION_FORMAT = "dwarf-with-dsym";
				ENABLE_NS_ASSERTIONS = NO;
				ENABLE_STRICT_OBJC_MSGSEND = YES;
				GCC_C_LANGUAGE_STANDARD = gnu99;
				GCC_NO_COMMON_BLOCKS = YES;
				GCC_WARN_64_TO_32_BIT_CONVERSION = YES;
				GCC_WARN_ABOUT_RETURN_TYPE = YES_ERROR;
				GCC_WARN_UNDECLARED_SELECTOR = YES;
				GCC_WARN_UNINITIALIZED_AUTOS = YES_AGGRESSIVE;
				GCC_WARN_UNUSED_FUNCTION = YES;
				GCC_WARN_UNUSED_VARIABLE = YES;
				IPHONEOS_DEPLOYMENT_TARGET = 10.3;
				MTL_ENABLE_DEBUG_INFO = NO;
				SDKROOT = iphoneos;
				SWIFT_OPTIMIZATION_LEVEL = "-Owholemodule";
				TARGETED_DEVICE_FAMILY = "1,2";
				VALIDATE_PRODUCT = YES;
			};
			name = Release;
		};
		4E80C4591ECCDBE1007D9DDA /* Debug */ = {
			isa = XCBuildConfiguration;
			buildSettings = {
				ASSETCATALOG_COMPILER_APPICON_NAME = AppIcon;
				DEVELOPMENT_TEAM = R4MX2B96J2;
				INFOPLIST_FILE = BluetoothHeadphoneUnTurnOffer/Info.plist;
				LD_RUNPATH_SEARCH_PATHS = "$(inherited) @executable_path/Frameworks";
				PRODUCT_BUNDLE_IDENTIFIER = "Alexei-Baboulevitch.BluetoothHeadphoneUnTurnOffer";
				PRODUCT_NAME = "$(TARGET_NAME)";
				SWIFT_VERSION = 3.0;
			};
			name = Debug;
		};
		4E80C45A1ECCDBE1007D9DDA /* Release */ = {
			isa = XCBuildConfiguration;
			buildSettings = {
				ASSETCATALOG_COMPILER_APPICON_NAME = AppIcon;
				DEVELOPMENT_TEAM = R4MX2B96J2;
				INFOPLIST_FILE = BluetoothHeadphoneUnTurnOffer/Info.plist;
				LD_RUNPATH_SEARCH_PATHS = "$(inherited) @executable_path/Frameworks";
				PRODUCT_BUNDLE_IDENTIFIER = "Alexei-Baboulevitch.BluetoothHeadphoneUnTurnOffer";
				PRODUCT_NAME = "$(TARGET_NAME)";
				SWIFT_VERSION = 3.0;
			};
			name = Release;
		};
/* End XCBuildConfiguration section */

/* Begin XCConfigurationList section */
		4E80C4411ECCDBE1007D9DDA /* Build configuration list for PBXProject "BluetoothHeadphoneUnTurnOffer" */ = {
			isa = XCConfigurationList;
			buildConfigurations = (
				4E80C4561ECCDBE1007D9DDA /* Debug */,
				4E80C4571ECCDBE1007D9DDA /* Release */,
			);
			defaultConfigurationIsVisible = 0;
			defaultConfigurationName = Release;
		};
		4E80C4581ECCDBE1007D9DDA /* Build configuration list for PBXNativeTarget "BluetoothHeadphoneUnTurnOffer" */ = {
			isa = XCConfigurationList;
			buildConfigurations = (
				4E80C4591ECCDBE1007D9DDA /* Debug */,
				4E80C45A1ECCDBE1007D9DDA /* Release */,
			);
			defaultConfigurationIsVisible = 0;
		};
/* End XCConfigurationList section */
	};
	rootObject = 4E80C43E1ECCDBE0007D9DDA /* Project object */;
}
